
Microsoft Visual Studio Solution File, Format Version 12.00
# Visual Studio Version 16
VisualStudioVersion = 16.0.31702.278
MinimumVisualStudioVersion = 10.0.40219.1
Project("{9A19103F-16F7-4668-BE54-9A1E7A4F7556}") = "eCommerce", "eCommerce\eCommerce.csproj", "{3FD33B42-45EE-4198-9B9A-0EE17B3F1A27}"
EndProject
Project("{9A19103F-16F7-4668-BE54-9A1E7A4F7556}") = "eShop.CoreBusiness", "eShop.CoreBusiness\eShop.CoreBusiness.csproj", "{166453EB-D214-4C1C-ACB7-B40754687351}"
EndProject
Project("{9A19103F-16F7-4668-BE54-9A1E7A4F7556}") = "eShop.UseCases", "eShop.UseCases\eShop.UseCases.csproj", "{FCFF04FE-20F5-462D-A294-8EFD60C3D9A2}"
EndProject
Project("{FAE04EC0-301F-11D3-BF4B-00C04F79EFBC}") = "eShop.DataStore.HardCoded", "eShop.DataStore.HardCoded\eShop.DataStore.HardCoded.csproj", "{F7FD6BFB-CD36-4946-A0B8-976A9EEA227E}"
EndProject
Global
	GlobalSection(SolutionConfigurationPlatforms) = preSolution
		Debug|Any CPU = Debug|Any CPU
		Release|Any CPU = Release|Any CPU
	EndGlobalSection
	GlobalSection(ProjectConfigurationPlatforms) = postSolution
		{3FD33B42-45EE-4198-9B9A-0EE17B3F1A27}.Debug|Any CPU.ActiveCfg = Debug|Any CPU
		{3FD33B42-45EE-4198-9B9A-0EE17B3F1A27}.Debug|Any CPU.Build.0 = Debug|Any CPU
		{3FD33B42-45EE-4198-9B9A-0EE17B3F1A27}.Release|Any CPU.ActiveCfg = Release|Any CPU
		{3FD33B42-45EE-4198-9B9A-0EE17B3F1A27}.Release|Any CPU.Build.0 = Release|Any CPU
		{166453EB-D214-4C1C-ACB7-B40754687351}.Debug|Any CPU.ActiveCfg = Debug|Any CPU
		{166453EB-D214-4C1C-ACB7-B40754687351}.Debug|Any CPU.Build.0 = Debug|Any CPU
		{166453EB-D214-4C1C-ACB7-B40754687351}.Release|Any CPU.ActiveCfg = Release|Any CPU
		{166453EB-D214-4C1C-ACB7-B40754687351}.Release|Any CPU.Build.0 = Release|Any CPU
		{FCFF04FE-20F5-462D-A294-8EFD60C3D9A2}.Debug|Any CPU.ActiveCfg = Debug|Any CPU
		{FCFF04FE-20F5-462D-A294-8EFD60C3D9A2}.Debug|Any CPU.Build.0 = Debug|Any CPU
		{FCFF04FE-20F5-462D-A294-8EFD60C3D9A2}.Release|Any CPU.ActiveCfg = Release|Any CPU
		{FCFF04FE-20F5-462D-A294-8EFD60C3D9A2}.Release|Any CPU.Build.0 = Release|Any CPU
		{F7FD6BFB-CD36-4946-A0B8-976A9EEA227E}.Debug|Any CPU.ActiveCfg = Debug|Any CPU
		{F7FD6BFB-CD36-4946-A0B8-976A9EEA227E}.Debug|Any CPU.Build.0 = Debug|Any CPU
		{F7FD6BFB-CD36-4946-A0B8-976A9EEA227E}.Release|Any CPU.ActiveCfg = Release|Any CPU
		{F7FD6BFB-CD36-4946-A0B8-976A9EEA227E}.Release|Any CPU.Build.0 = Release|Any CPU
	EndGlobalSection
	GlobalSection(SolutionProperties) = preSolution
		HideSolutionNode = FALSE
	EndGlobalSection
	GlobalSection(ExtensibilityGlobals) = postSolution
		SolutionGuid = {B05BDA51-4477-4E25-937A-47C58201FA07}
	EndGlobalSection
EndGlobal
